
Microsoft Visual Studio Solution File, Format Version 12.00
# Visual Studio Version 17
VisualStudioVersion = 17.2.32602.215
MinimumVisualStudioVersion = 10.0.40219.1
Project("{FAE04EC0-301F-11D3-BF4B-00C04F79EFBC}") = "AddressBookLINQ", "AddressBookLINQ\AddressBookLINQ.csproj", "{53C4CC22-D39E-4AAD-9C02-8954C7B92A51}"
EndProject
Global
	GlobalSection(SolutionConfigurationPlatforms) = preSolution
		Debug|Any CPU = Debug|Any CPU
		Release|Any CPU = Release|Any CPU
	EndGlobalSection
	GlobalSection(ProjectConfigurationPlatforms) = postSolution
		{53C4CC22-D39E-4AAD-9C02-8954C7B92A51}.Debug|Any CPU.ActiveCfg = Debug|Any CPU
		{53C4CC22-D39E-4AAD-9C02-8954C7B92A51}.Debug|Any CPU.Build.0 = Debug|Any CPU
		{53C4CC22-D39E-4AAD-9C02-8954C7B92A51}.Release|Any CPU.ActiveCfg = Release|Any CPU
		{53C4CC22-D39E-4AAD-9C02-8954C7B92A51}.Release|Any CPU.Build.0 = Release|Any CPU
	EndGlobalSection
	GlobalSection(SolutionProperties) = preSolution
		HideSolutionNode = FALSE
	EndGlobalSection
	GlobalSection(ExtensibilityGlobals) = postSolution
		SolutionGuid = {B998E5D3-0100-4452-8A24-D5065BBBA101}
	EndGlobalSection
EndGlobal
